github.com/ginger-core/errors v0.0.0-20230608125708-339a693bbd29 h1:WCtEKolH7WUKW5N0mAm5Hs7f9j1+p4xkbyxcs+OWEhQ=
github.com/ginger-core/errors v0.0.0-20230608125708-339a693bbd29/go.mod h1:cWRsvoY6zQYQoDdg/8NqUC5r47R4tUs+uLEugCbCjqo=
github.com/ginger-core/query v0.0.0-20230608153800-9375f70642d8 h1:YD5UjtaOj3Upo7EvSapbdylNkV9PcmUTglIOLYEjSI8=
github.com/ginger-core/query v0.0.0-20230608153800-9375f70642d8/go.mod h1:2hXSiuhznDu3c15tA35x4UVCo5kdgFnQiohdt8wK2aw=
